golang.org/x/sys v0.1.0 h1:kunALQeHf1/185U1i0GOB/fy1IPRDDpuoOOqRReG57U=
golang.org/x/sys v0.1.0/go.mod h1:oPkhp1MJrh7nUepCBck5+mAzfO9JrbApNNgaTdGDITg=
kernel.org/pub/linux/libs/security/libcap/cap v1.2.69 h1:N0m3tKYbkRMmDobh/47ngz+AWeV7PcfXMDi8xu3Vrag=
kernel.org/pub/linux/libs/security/libcap/cap v1.2.69/go.mod h1:Tk5Ip2TuxaWGpccL7//rAsLRH6RQ/jfqTGxuN/+i/FQ=
kernel.org/pub/linux/libs/security/libcap/psx v1.2.69 h1:IdrOs1ZgwGw5CI+BH6GgVVlOt+LAXoPyh7enr8lfaXs=
kernel.org/pub/linux/libs/security/libcap/psx v1.2.69/go.mod h1:+l6Ee2F59XiJ2I6WR5ObpC1utCQJZ/VLsEbQCD8RG24=
